
Microsoft Visual Studio Solution File, Format Version 12.00
# Visual Studio 15
VisualStudioVersion = 15.0.27130.2010
MinimumVisualStudioVersion = 10.0.40219.1
Project("{FAE04EC0-301F-11D3-BF4B-00C04F79EFBC}") = "MageFight", "MageFight\MageFight.csproj", "{844FF186-D51F-435E-9191-4E42DC2BDBD0}"
EndProject
Project("{FAE04EC0-301F-11D3-BF4B-00C04F79EFBC}") = "XUnitTestMageFight", "XUnitTestMageFight\XUnitTestMageFight.csproj", "{DC835039-DC28-4E80-9A7E-D6F784FB531A}"
EndProject
Global
	GlobalSection(SolutionConfigurationPlatforms) = preSolution
		Debug|Any CPU = Debug|Any CPU
		Release|Any CPU = Release|Any CPU
	EndGlobalSection
	GlobalSection(ProjectConfigurationPlatforms) = postSolution
		{844FF186-D51F-435E-9191-4E42DC2BDBD0}.Debug|Any CPU.ActiveCfg = Debug|Any CPU
		{844FF186-D51F-435E-9191-4E42DC2BDBD0}.Debug|Any CPU.Build.0 = Debug|Any CPU
		{844FF186-D51F-435E-9191-4E42DC2BDBD0}.Release|Any CPU.ActiveCfg = Release|Any CPU
		{844FF186-D51F-435E-9191-4E42DC2BDBD0}.Release|Any CPU.Build.0 = Release|Any CPU
		{DC835039-DC28-4E80-9A7E-D6F784FB531A}.Debug|Any CPU.ActiveCfg = Debug|Any CPU
		{DC835039-DC28-4E80-9A7E-D6F784FB531A}.Debug|Any CPU.Build.0 = Debug|Any CPU
		{DC835039-DC28-4E80-9A7E-D6F784FB531A}.Release|Any CPU.ActiveCfg = Release|Any CPU
		{DC835039-DC28-4E80-9A7E-D6F784FB531A}.Release|Any CPU.Build.0 = Release|Any CPU
	EndGlobalSection
	GlobalSection(SolutionProperties) = preSolution
		HideSolutionNode = FALSE
	EndGlobalSection
	GlobalSection(ExtensibilityGlobals) = postSolution
		SolutionGuid = {5FE70057-93BD-4CBB-9699-5F0C8498AD88}
	EndGlobalSection
EndGlobal
